// !$*UTF8*$!
{
	archiveVersion = 1;
	classes = {
	};
	objectVersion = 46;
	objects = {

/* Begin PBXBuildFile section */
		9EBC104C1BC1D674005AD653 /* AppDelegate.swift in Sources */ = {isa = PBXBuildFile; fileRef = 9EBC104B1BC1D674005AD653 /* AppDelegate.swift */; };
		9EBC104E1BC1D674005AD653 /* ViewController.swift in Sources */ = {isa = PBXBuildFile; fileRef = 9EBC104D1BC1D674005AD653 /* ViewController.swift */; };
		9EBC10511BC1D674005AD653 /* Main.storyboard in Resources */ = {isa = PBXBuildFile; fileRef = 9EBC104F1BC1D674005AD653 /* Main.storyboard */; };
		9EBC10531BC1D674005AD653 /* Assets.xcassets in Resources */ = {isa = PBXBuildFile; fileRef = 9EBC10521BC1D674005AD653 /* Assets.xcassets */; };
		9EBC10561BC1D674005AD653 /* LaunchScreen.storyboard in Resources */ = {isa = PBXBuildFile; fileRef = 9EBC10541BC1D674005AD653 /* LaunchScreen.storyboard */; };
/* End PBXBuildFile section */

/* Begin PBXFileReference section */
		9EBC10481BC1D674005AD653 /* actividad-ios.app */ = {isa = PBXFileReference; explicitFileType = wrapper.application; includeInIndex = 0; path = "actividad-ios.app"; sourceTree = BUILT_PRODUCTS_DIR; };
		9EBC104B1BC1D674005AD653 /* AppDelegate.swift */ = {isa = PBXFileReference; lastKnownFileType = sourcecode.swift; path = AppDelegate.swift; sourceTree = "<group>"; };
		9EBC104D1BC1D674005AD653 /* ViewController.swift */ = {isa = PBXFileReference; lastKnownFileType = sourcecode.swift; path = ViewController.swift; sourceTree = "<group>"; };
		9EBC10501BC1D674005AD653 /* Base */ = {isa = PBXFileReference; lastKnownFileType = file.storyboard; name = Base; path = Base.lproj/Main.storyboard; sourceTree = "<group>"; };
		9EBC10521BC1D674005AD653 /* Assets.xcassets */ = {isa = PBXFileReference; lastKnownFileType = folder.assetcatalog; path = Assets.xcassets; sourceTree = "<group>"; };
		9EBC10551BC1D674005AD653 /* Base */ = {isa = PBXFileReference; lastKnownFileType = file.storyboard; name = Base; path = Base.lproj/LaunchScreen.storyboard; sourceTree = "<group>"; };
		9EBC10571BC1D674005AD653 /* Info.plist */ = {isa = PBXFileReference; lastKnownFileType = text.plist.xml; path = Info.plist; sourceTree = "<group>"; };
/* End PBXFileReference section */

/* Begin PBXFrameworksBuildPhase section */
		9EBC10451BC1D674005AD653 /* Frameworks */ = {
			isa = PBXFrameworksBuildPhase;
			buildActionMask = 2147483647;
			files = (
			);
			runOnlyForDeploymentPostprocessing = 0;
		};
/* End PBXFrameworksBuildPhase section */

/* Begin PBXGroup section */
		9EBC103F1BC1D673005AD653 = {
			isa = PBXGroup;
			children = (
				9EBC104A1BC1D674005AD653 /* actividad-ios */,
				9EBC10491BC1D674005AD653 /* Products */,
			);
			sourceTree = "<group>";
		};
		9EBC10491BC1D674005AD653 /* Products */ = {
			isa = PBXGroup;
			children = (
				9EBC10481BC1D674005AD653 /* actividad-ios.app */,
			);
			name = Products;
			sourceTree = "<group>";
		};
		9EBC104A1BC1D674005AD653 /* actividad-ios */ = {
			isa = PBXGroup;
			children = (
				9EBC104B1BC1D674005AD653 /* AppDelegate.swift */,
				9EBC104D1BC1D674005AD653 /* ViewController.swift */,
				9EBC104F1BC1D674005AD653 /* Main.storyboard */,
				9EBC10521BC1D674005AD653 /* Assets.xcassets */,
				9EBC10541BC1D674005AD653 /* LaunchScreen.storyboard */,
				9EBC10571BC1D674005AD653 /* Info.plist */,
			);
			path = "actividad-ios";
			sourceTree = "<group>";
		};
/* End PBXGroup section */

/* Begin PBXNativeTarget section */
		9EBC10471BC1D674005AD653 /* actividad-ios */ = {
			isa = PBXNativeTarget;
			buildConfigurationList = 9EBC105A1BC1D674005AD653 /* Build configuration list for PBXNativeTarget "actividad-ios" */;
			buildPhases = (
				9EBC10441BC1D674005AD653 /* Sources */,
				9EBC10451BC1D674005AD653 /* Frameworks */,
				9EBC10461BC1D674005AD653 /* Resources */,
			);
			buildRules = (
			);
			dependencies = (
			);
			name = "actividad-ios";
			productName = "actividad-ios";
			productReference = 9EBC10481BC1D674005AD653 /* actividad-ios.app */;
			productType = "com.apple.product-type.application";
		};
/* End PBXNativeTarget section */

/* Begin PBXProject section */
		9EBC10401BC1D673005AD653 /* Project object */ = {
			isa = PBXProject;
			attributes = {
				LastUpgradeCheck = 0700;
				ORGANIZATIONNAME = "Sebastián Vásquez Espinoza";
				TargetAttributes = {
					9EBC10471BC1D674005AD653 = {
						CreatedOnToolsVersion = 7.0.1;
						DevelopmentTeam = 8DFS93R7H5;
					};
				};
			};
			buildConfigurationList = 9EBC10431BC1D673005AD653 /* Build configuration list for PBXProject "actividad-ios" */;
			compatibilityVersion = "Xcode 3.2";
			developmentRegion = English;
			hasScannedForEncodings = 0;
			knownRegions = (
				en,
				Base,
			);
			mainGroup = 9EBC103F1BC1D673005AD653;
			productRefGroup = 9EBC10491BC1D674005AD653 /* Products */;
			projectDirPath = "";
			projectRoot = "";
			targets = (
				9EBC10471BC1D674005AD653 /* actividad-ios */,
			);
		};
/* End PBXProject section */

/* Begin PBXResourcesBuildPhase section */
		9EBC10461BC1D674005AD653 /* Resources */ = {
			isa = PBXResourcesBuildPhase;
			buildActionMask = 2147483647;
			files = (
				9EBC10561BC1D674005AD653 /* LaunchScreen.storyboard in Resources */,
				9EBC10531BC1D674005AD653 /* Assets.xcassets in Resources */,
				9EBC10511BC1D674005AD653 /* Main.storyboard in Resources */,
			);
			runOnlyForDeploymentPostprocessing = 0;
		};
/* End PBXResourcesBuildPhase section */

/* Begin PBXSourcesBuildPhase section */
		9EBC10441BC1D674005AD653 /* Sources */ = {
			isa = PBXSourcesBuildPhase;
			buildActionMask = 2147483647;
			files = (
				9EBC104E1BC1D674005AD653 /* ViewController.swift in Sources */,
				9EBC104C1BC1D674005AD653 /* AppDelegate.swift in Sources */,
			);
			runOnlyForDeploymentPostprocessing = 0;
		};
/* End PBXSourcesBuildPhase section */

/* Begin PBXVariantGroup section */
		9EBC104F1BC1D674005AD653 /* Main.storyboard */ = {
			isa = PBXVariantGroup;
			children = (
				9EBC10501BC1D674005AD653 /* Base */,
			);
			name = Main.storyboard;
			sourceTree = "<group>";
		};
		9EBC10541BC1D674005AD653 /* LaunchScreen.storyboard */ = {
			isa = PBXVariantGroup;
			children = (
				9EBC10551BC1D674005AD653 /* Base */,
			);
			name = LaunchScreen.storyboard;
			sourceTree = "<group>";
		};
/* End PBXVariantGroup section */

/* Begin XCBuildConfiguration section */
		9EBC10581BC1D674005AD653 /* Debug */ = {
			isa = XCBuildConfiguration;
			buildSettings = {
				ALWAYS_SEARCH_USER_PATHS = NO;
				CLANG_CXX_LANGUAGE_STANDARD = "gnu++0x";
				CLANG_CXX_LIBRARY = "libc++";
				CLANG_ENABLE_MODULES = YES;
				CLANG_ENABLE_OBJC_ARC = YES;
				CLANG_WARN_BOOL_CONVERSION = YES;
				CLANG_WARN_CONSTANT_CONVERSION = YES;
				CLANG_WARN_DIRECT_OBJC_ISA_USAGE = YES_ERROR;
				CLANG_WARN_EMPTY_BODY = YES;
				CLANG_WARN_ENUM_CONVERSION = YES;
				CLANG_WARN_INT_CONVERSION = YES;
				CLANG_WARN_OBJC_ROOT_CLASS = YES_ERROR;
				CLANG_WARN_UNREACHABLE_CODE = YES;
				CLANG_WARN__DUPLICATE_METHOD_MATCH = YES;
				"CODE_SIGN_IDENTITY[sdk=iphoneos*]" = "iPhone Developer";
				COPY_PHASE_STRIP = NO;
				DEBUG_INFORMATION_FORMAT = dwarf;
				ENABLE_STRICT_OBJC_MSGSEND = YES;
				ENABLE_TESTABILITY = YES;
				GCC_C_LANGUAGE_STANDARD = gnu99;
				GCC_DYNAMIC_NO_PIC = NO;
				GCC_NO_COMMON_BLOCKS = YES;
				GCC_OPTIMIZATION_LEVEL = 0;
				GCC_PREPROCESSOR_DEFINITIONS = (
					"DEBUG=1",
					"$(inherited)",
				);
				GCC_WARN_64_TO_32_BIT_CONVERSION = YES;
				GCC_WARN_ABOUT_RETURN_TYPE = YES_ERROR;
				GCC_WARN_UNDECLARED_SELECTOR = YES;
				GCC_WARN_UNINITIALIZED_AUTOS = YES_AGGRESSIVE;
				GCC_WARN_UNUSED_FUNCTION = YES;
				GCC_WARN_UNUSED_VARIABLE = YES;
				IPHONEOS_DEPLOYMENT_TARGET = 9.0;
				MTL_ENABLE_DEBUG_INFO = YES;
				ONLY_ACTIVE_ARCH = YES;
				SDKROOT = iphoneos;
				SWIFT_OPTIMIZATION_LEVEL = "-Onone";
			};
			name = Debug;
		};
		9EBC10591BC1D674005AD653 /* Release */ = {
			isa = XCBuildConfiguration;
			buildSettings = {
				ALWAYS_SEARCH_USER_PATHS = NO;
				CLANG_CXX_LANGUAGE_STANDARD = "gnu++0x";
				CLANG_CXX_LIBRARY = "libc++";
				CLANG_ENABLE_MODULES = YES;
				CLANG_ENABLE_OBJC_ARC = YES;
				CLANG_WARN_BOOL_CONVERSION = YES;
				CLANG_WARN_CONSTANT_CONVERSION = YES;
				CLANG_WARN_DIRECT_OBJC_ISA_USAGE = YES_ERROR;
				CLANG_WARN_EMPTY_BODY = YES;
				CLANG_WARN_ENUM_CONVERSION = YES;
				CLANG_WARN_INT_CONVERSION = YES;
				CLANG_WARN_OBJC_ROOT_CLASS = YES_ERROR;
				CLANG_WARN_UNREACHABLE_CODE = YES;
				CLANG_WARN__DUPLICATE_METHOD_MATCH = YES;
				"CODE_SIGN_IDENTITY[sdk=iphoneos*]" = "iPhone Developer";
				COPY_PHASE_STRIP = NO;
				DEBUG_INFORMATION_FORMAT = "dwarf-with-dsym";
				ENABLE_NS_ASSERTIONS = NO;
				ENABLE_STRICT_OBJC_MSGSEND = YES;
				GCC_C_LANGUAGE_STANDARD = gnu99;
				GCC_NO_COMMON_BLOCKS = YES;
				GCC_WARN_64_TO_32_BIT_CONVERSION = YES;
				GCC_WARN_ABOUT_RETURN_TYPE = YES_ERROR;
				GCC_WARN_UNDECLARED_SELECTOR = YES;
				GCC_WARN_UNINITIALIZED_AUTOS = YES_AGGRESSIVE;
				GCC_WARN_UNUSED_FUNCTION = YES;
				GCC_WARN_UNUSED_VARIABLE = YES;
				IPHONEOS_DEPLOYMENT_TARGET = 9.0;
				MTL_ENABLE_DEBUG_INFO = NO;
				SDKROOT = iphoneos;
				VALIDATE_PRODUCT = YES;
			};
			name = Release;
		};
		9EBC105B1BC1D674005AD653 /* Debug */ = {
			isa = XCBuildConfiguration;
			buildSettings = {
				ASSETCATALOG_COMPILER_APPICON_NAME = AppIcon;
				INFOPLIST_FILE = "actividad-ios/Info.plist";
				LD_RUNPATH_SEARCH_PATHS = "$(inherited) @executable_path/Frameworks";
				PRODUCT_BUNDLE_IDENTIFIER = "cl.inacap.github.actividad-ios";
				PRODUCT_NAME = "$(TARGET_NAME)";
			};
			name = Debug;
		};
		9EBC105C1BC1D674005AD653 /* Release */ = {
			isa = XCBuildConfiguration;
			buildSettings = {
				ASSETCATALOG_COMPILER_APPICON_NAME = AppIcon;
				INFOPLIST_FILE = "actividad-ios/Info.plist";
				LD_RUNPATH_SEARCH_PATHS = "$(inherited) @executable_path/Frameworks";
				PRODUCT_BUNDLE_IDENTIFIER = "cl.inacap.github.actividad-ios";
				PRODUCT_NAME = "$(TARGET_NAME)";
			};
			name = Release;
		};
/* End XCBuildConfiguration section */

/* Begin XCConfigurationList section */
		9EBC10431BC1D673005AD653 /* Build configuration list for PBXProject "actividad-ios" */ = {
			isa = XCConfigurationList;
			buildConfigurations = (
				9EBC10581BC1D674005AD653 /* Debug */,
				9EBC10591BC1D674005AD653 /* Release */,
			);
			defaultConfigurationIsVisible = 0;
			defaultConfigurationName = Release;
		};
		9EBC105A1BC1D674005AD653 /* Build configuration list for PBXNativeTarget "actividad-ios" */ = {
			isa = XCConfigurationList;
			buildConfigurations = (
				9EBC105B1BC1D674005AD653 /* Debug */,
				9EBC105C1BC1D674005AD653 /* Release */,
			);
			defaultConfigurationIsVisible = 0;
		};
/* End XCConfigurationList section */
	};
	rootObject = 9EBC10401BC1D673005AD653 /* Project object */;
}
